
Microsoft Visual Studio Solution File, Format Version 12.00
# Visual Studio Version 17
VisualStudioVersion = 17.0.32126.317
MinimumVisualStudioVersion = 10.0.40219.1
Project("{FAE04EC0-301F-11D3-BF4B-00C04F79EFBC}") = "AlexandreVieru-Hangman", "AlexandreVieru-Hangman\AlexandreVieru-Hangman.csproj", "{B71E03D9-7AE3-4406-8D09-049ADCE8D175}"
EndProject
Global
	GlobalSection(SolutionConfigurationPlatforms) = preSolution
		Debug|Any CPU = Debug|Any CPU
		Release|Any CPU = Release|Any CPU
	EndGlobalSection
	GlobalSection(ProjectConfigurationPlatforms) = postSolution
		{B71E03D9-7AE3-4406-8D09-049ADCE8D175}.Debug|Any CPU.ActiveCfg = Debug|Any CPU
		{B71E03D9-7AE3-4406-8D09-049ADCE8D175}.Debug|Any CPU.Build.0 = Debug|Any CPU
		{B71E03D9-7AE3-4406-8D09-049ADCE8D175}.Release|Any CPU.ActiveCfg = Release|Any CPU
		{B71E03D9-7AE3-4406-8D09-049ADCE8D175}.Release|Any CPU.Build.0 = Release|Any CPU
	EndGlobalSection
	GlobalSection(SolutionProperties) = preSolution
		HideSolutionNode = FALSE
	EndGlobalSection
	GlobalSection(ExtensibilityGlobals) = postSolution
		SolutionGuid = {A602424E-D40A-4A4B-823E-1832E5ED5AED}
	EndGlobalSection
EndGlobal
